{
  "name": "React Bead 2",
  "lockfileVersion": 2,
  "requires": true,
  "packages": {
    "": {
      "dependencies": {
        "connect-pause": "^0.1.0"
      }
    },
    "node_modules/connect-pause": {
      "version": "0.1.0",
      "resolved": "https://registry.npmjs.org/connect-pause/-/connect-pause-0.1.0.tgz",
      "integrity": "sha1-D9d72e+Lpg0KJw7lIxOz2tRsQSo=",
      "engines": {
        "node": "*"
      }
    }
  },
  "dependencies": {
    "connect-pause": {
      "version": "0.1.0",
      "resolved": "https://registry.npmjs.org/connect-pause/-/connect-pause-0.1.0.tgz",
      "integrity": "sha1-D9d72e+Lpg0KJw7lIxOz2tRsQSo="
    }
  }
}
